
Microsoft Visual Studio Solution File, Format Version 12.00
# Visual Studio 15
VisualStudioVersion = 15.0.27004.2005
MinimumVisualStudioVersion = 10.0.40219.1
Project("{FAE04EC0-301F-11D3-BF4B-00C04F79EFBC}") = "Compounding", "Compounding\Compounding.csproj", "{0BB4B79B-8875-4024-A072-F83E2C7326D3}"
EndProject
Global
	GlobalSection(SolutionConfigurationPlatforms) = preSolution
		Debug|Any CPU = Debug|Any CPU
		Release|Any CPU = Release|Any CPU
	EndGlobalSection
	GlobalSection(ProjectConfigurationPlatforms) = postSolution
		{0BB4B79B-8875-4024-A072-F83E2C7326D3}.Debug|Any CPU.ActiveCfg = Debug|Any CPU
		{0BB4B79B-8875-4024-A072-F83E2C7326D3}.Debug|Any CPU.Build.0 = Debug|Any CPU
		{0BB4B79B-8875-4024-A072-F83E2C7326D3}.Release|Any CPU.ActiveCfg = Release|Any CPU
		{0BB4B79B-8875-4024-A072-F83E2C7326D3}.Release|Any CPU.Build.0 = Release|Any CPU
	EndGlobalSection
	GlobalSection(SolutionProperties) = preSolution
		HideSolutionNode = FALSE
	EndGlobalSection
	GlobalSection(ExtensibilityGlobals) = postSolution
		SolutionGuid = {94E2C44C-052C-4633-9B79-6C92D6149EA2}
	EndGlobalSection
EndGlobal
